
Microsoft Visual Studio Solution File, Format Version 12.00
# Visual Studio Version 17
VisualStudioVersion = 17.14.36127.28 d17.14
MinimumVisualStudioVersion = 10.0.40219.1
Project("{FAE04EC0-301F-11D3-BF4B-00C04F79EFBC}") = "RCR.Engenharia.Api", "RCR.Engenharia.Api\RCR.Engenharia.Api.csproj", "{AB722A29-2AF6-48DA-80FB-E46B825DC252}"
EndProject
Global
	GlobalSection(SolutionConfigurationPlatforms) = preSolution
		Debug|Any CPU = Debug|Any CPU
		Release|Any CPU = Release|Any CPU
	EndGlobalSection
	GlobalSection(ProjectConfigurationPlatforms) = postSolution
		{AB722A29-2AF6-48DA-80FB-E46B825DC252}.Debug|Any CPU.ActiveCfg = Debug|Any CPU
		{AB722A29-2AF6-48DA-80FB-E46B825DC252}.Debug|Any CPU.Build.0 = Debug|Any CPU
		{AB722A29-2AF6-48DA-80FB-E46B825DC252}.Release|Any CPU.ActiveCfg = Release|Any CPU
		{AB722A29-2AF6-48DA-80FB-E46B825DC252}.Release|Any CPU.Build.0 = Release|Any CPU
	EndGlobalSection
	GlobalSection(SolutionProperties) = preSolution
		HideSolutionNode = FALSE
	EndGlobalSection
	GlobalSection(ExtensibilityGlobals) = postSolution
		SolutionGuid = {833E49DC-1A7F-4427-AB34-2CBF248676EC}
	EndGlobalSection
EndGlobal
